
Microsoft Visual Studio Solution File, Format Version 12.00
# Visual Studio Version 16
VisualStudioVersion = 16.0.31624.102
MinimumVisualStudioVersion = 10.0.40219.1
Project("{FAE04EC0-301F-11D3-BF4B-00C04F79EFBC}") = "3312", "3312\3312.csproj", "{D06013B2-FA7F-4DF9-B221-355E1FCFE036}"
EndProject
Global
	GlobalSection(SolutionConfigurationPlatforms) = preSolution
		Debug|Any CPU = Debug|Any CPU
		Release|Any CPU = Release|Any CPU
	EndGlobalSection
	GlobalSection(ProjectConfigurationPlatforms) = postSolution
		{D06013B2-FA7F-4DF9-B221-355E1FCFE036}.Debug|Any CPU.ActiveCfg = Debug|Any CPU
		{D06013B2-FA7F-4DF9-B221-355E1FCFE036}.Debug|Any CPU.Build.0 = Debug|Any CPU
		{D06013B2-FA7F-4DF9-B221-355E1FCFE036}.Release|Any CPU.ActiveCfg = Release|Any CPU
		{D06013B2-FA7F-4DF9-B221-355E1FCFE036}.Release|Any CPU.Build.0 = Release|Any CPU
	EndGlobalSection
	GlobalSection(SolutionProperties) = preSolution
		HideSolutionNode = FALSE
	EndGlobalSection
	GlobalSection(ExtensibilityGlobals) = postSolution
		SolutionGuid = {98C82463-6A61-4C35-AE41-164A2DAFE1E3}
	EndGlobalSection
EndGlobal
